# THIS IS AN AUTOGENERATED FILE. DO NOT EDIT THIS FILE DIRECTLY.
# yarn lockfile v1


"@gmod/bgzf-filehandle@^1.4.0":
  version "1.4.6"
  resolved "https://registry.yarnpkg.com/@gmod/bgzf-filehandle/-/bgzf-filehandle-1.4.6.tgz#151947506e0319f78ffd2377e15f886ece59f4a1"
  integrity sha512-WFFUv0QmCrUxPWvLf+NmILS9n6dMTRJL0xsHjzWEe7jiJc/AJFo3siBCdmWVioJysjLaI9zw6uPiqThClfexdA==
  dependencies:
    es6-promisify "^7.0.0"
    generic-filehandle "^3.0.0"
    long "^5.1.0"
    pako "^1.0.11"

"@gmod/indexedfasta@^2.1.0":
  version "2.1.0"
  resolved "https://registry.yarnpkg.com/@gmod/indexedfasta/-/indexedfasta-2.1.0.tgz#b577c3dfdc0cb773783ee3089e62303b2c4f56fd"
  integrity sha512-I7kzSwlK0kxy05K1jsvRPsDr7vV7i/7EI1GMDzCqszn8FtwTlgkdQOYAuhK4kM5SIZrCEG3yAg+TQJmcsv33ug==
  dependencies:
    "@gmod/bgzf-filehandle" "^1.4.0"
    generic-filehandle "^3.0.0"

"@types/node@^20.8.4":
  version "20.8.4"
  resolved "https://registry.yarnpkg.com/@types/node/-/node-20.8.4.tgz#0e9ebb2ff29d5c3302fc84477d066fa7c6b441aa"
  integrity sha512-ZVPnqU58giiCjSxjVUESDtdPk4QR5WQhhINbc9UBrKLU68MX5BF6kbQzTrkwbolyr0X8ChBpXfavr5mZFKZQ5A==
  dependencies:
    undici-types "~5.25.1"

es6-promisify@^6.1.1:
  version "6.1.1"
  resolved "https://registry.yarnpkg.com/es6-promisify/-/es6-promisify-6.1.1.tgz#46837651b7b06bf6fff893d03f29393668d01621"
  integrity sha512-HBL8I3mIki5C1Cc9QjKUenHtnG0A5/xA8Q/AllRcfiwl2CZFXGK7ddBiCoRwAix4i2KxcQfjtIVcrVbB3vbmwg==

es6-promisify@^7.0.0:
  version "7.0.0"
  resolved "https://registry.yarnpkg.com/es6-promisify/-/es6-promisify-7.0.0.tgz#9a710008dd6a4ab75a89e280bad787bfb749927b"
  integrity sha512-ginqzK3J90Rd4/Yz7qRrqUeIpe3TwSXTPPZtPne7tGBPeAaQiU8qt4fpKApnxHcq1AwtUdHVg5P77x/yrggG8Q==

generic-filehandle@^3.0.0:
  version "3.1.1"
  resolved "https://registry.yarnpkg.com/generic-filehandle/-/generic-filehandle-3.1.1.tgz#7328c1f2e490c4d90b2fd8db4c8a8c87d5e3cf66"
  integrity sha512-8fLkHgbnKlOWhJgPmvGm+0HclUkyCPM0WGZQOAWdebNsWbHZJi7pW/RAPp26fhqlVpgT5tHqVKWunf/r+HRoEw==
  dependencies:
    es6-promisify "^6.1.1"

long@^5.1.0:
  version "5.2.3"
  resolved "https://registry.yarnpkg.com/long/-/long-5.2.3.tgz#a3ba97f3877cf1d778eccbcb048525ebb77499e1"
  integrity sha512-lcHwpNoggQTObv5apGNCTdJrO69eHOZMi4BNC+rTLER8iHAqGrUVeLh/irVIM7zTw2bOXA8T6uNPeujwOLg/2Q==

pako@^1.0.11:
  version "1.0.11"
  resolved "https://registry.yarnpkg.com/pako/-/pako-1.0.11.tgz#6c9599d340d54dfd3946380252a35705a6b992bf"
  integrity sha512-4hLB8Py4zZce5s4yd9XzopqwVv/yGNhV1Bl8NTmCq1763HeK2+EwVTv+leGeL13Dnh2wfbqowVPXCIO0z4taYw==

undici-types@~5.25.1:
  version "5.25.3"
  resolved "https://registry.yarnpkg.com/undici-types/-/undici-types-5.25.3.tgz#e044115914c85f0bcbb229f346ab739f064998c3"
  integrity sha512-Ga1jfYwRn7+cP9v8auvEXN1rX3sWqlayd4HP7OKk4mZWylEmu3KzXDUGrQUN6Ol7qo1gPvB2e5gX6udnyEPgdA==
